
Microsoft Visual Studio Solution File, Format Version 12.00
# Visual Studio Version 17
VisualStudioVersion = 17.9.34723.18
MinimumVisualStudioVersion = 10.0.40219.1
Project("{FAE04EC0-301F-11D3-BF4B-00C04F79EFBC}") = "Proyecto1", "Proyecto1\Proyecto1.csproj", "{8115D0CA-41F0-4155-88B7-7A7738F75180}"
EndProject
Project("{FAE04EC0-301F-11D3-BF4B-00C04F79EFBC}") = "Ejercicio_I01", "Ejercicio_I01\Ejercicio_I01.csproj", "{D7B15813-16B8-4527-BA8C-4B42629781C7}"
EndProject
Project("{FAE04EC0-301F-11D3-BF4B-00C04F79EFBC}") = "Biblioteca1", "Biblioteca1\Biblioteca1.csproj", "{A849B036-D911-44E0-809F-BBC4F21C8EA8}"
EndProject
Project("{FAE04EC0-301F-11D3-BF4B-00C04F79EFBC}") = "Biblioteca2", "Biblioteca2\Biblioteca2.csproj", "{31414835-DE69-4DC2-9AD0-EE2D39D7DF19}"
EndProject
Project("{FAE04EC0-301F-11D3-BF4B-00C04F79EFBC}") = "Ejercicio_I02", "Ejercicio_I02\Ejercicio_I02.csproj", "{0E00E97D-0D01-407A-BCB5-734F9FB22879}"
EndProject
Global
	GlobalSection(SolutionConfigurationPlatforms) = preSolution
		Debug|Any CPU = Debug|Any CPU
		Release|Any CPU = Release|Any CPU
	EndGlobalSection
	GlobalSection(ProjectConfigurationPlatforms) = postSolution
		{8115D0CA-41F0-4155-88B7-7A7738F75180}.Debug|Any CPU.ActiveCfg = Debug|Any CPU
		{8115D0CA-41F0-4155-88B7-7A7738F75180}.Debug|Any CPU.Build.0 = Debug|Any CPU
		{8115D0CA-41F0-4155-88B7-7A7738F75180}.Release|Any CPU.ActiveCfg = Release|Any CPU
		{8115D0CA-41F0-4155-88B7-7A7738F75180}.Release|Any CPU.Build.0 = Release|Any CPU
		{D7B15813-16B8-4527-BA8C-4B42629781C7}.Debug|Any CPU.ActiveCfg = Debug|Any CPU
		{D7B15813-16B8-4527-BA8C-4B42629781C7}.Debug|Any CPU.Build.0 = Debug|Any CPU
		{D7B15813-16B8-4527-BA8C-4B42629781C7}.Release|Any CPU.ActiveCfg = Release|Any CPU
		{D7B15813-16B8-4527-BA8C-4B42629781C7}.Release|Any CPU.Build.0 = Release|Any CPU
		{A849B036-D911-44E0-809F-BBC4F21C8EA8}.Debug|Any CPU.ActiveCfg = Debug|Any CPU
		{A849B036-D911-44E0-809F-BBC4F21C8EA8}.Debug|Any CPU.Build.0 = Debug|Any CPU
		{A849B036-D911-44E0-809F-BBC4F21C8EA8}.Release|Any CPU.ActiveCfg = Release|Any CPU
		{A849B036-D911-44E0-809F-BBC4F21C8EA8}.Release|Any CPU.Build.0 = Release|Any CPU
		{31414835-DE69-4DC2-9AD0-EE2D39D7DF19}.Debug|Any CPU.ActiveCfg = Debug|Any CPU
		{31414835-DE69-4DC2-9AD0-EE2D39D7DF19}.Debug|Any CPU.Build.0 = Debug|Any CPU
		{31414835-DE69-4DC2-9AD0-EE2D39D7DF19}.Release|Any CPU.ActiveCfg = Release|Any CPU
		{31414835-DE69-4DC2-9AD0-EE2D39D7DF19}.Release|Any CPU.Build.0 = Release|Any CPU
		{0E00E97D-0D01-407A-BCB5-734F9FB22879}.Debug|Any CPU.ActiveCfg = Debug|Any CPU
		{0E00E97D-0D01-407A-BCB5-734F9FB22879}.Debug|Any CPU.Build.0 = Debug|Any CPU
		{0E00E97D-0D01-407A-BCB5-734F9FB22879}.Release|Any CPU.ActiveCfg = Release|Any CPU
		{0E00E97D-0D01-407A-BCB5-734F9FB22879}.Release|Any CPU.Build.0 = Release|Any CPU
	EndGlobalSection
	GlobalSection(SolutionProperties) = preSolution
		HideSolutionNode = FALSE
	EndGlobalSection
	GlobalSection(ExtensibilityGlobals) = postSolution
		SolutionGuid = {5D773D15-E7D2-4B15-82C3-D2C7CCFF1E3B}
	EndGlobalSection
EndGlobal
